
Microsoft Visual Studio Solution File, Format Version 12.00
# Visual Studio 15
VisualStudioVersion = 15.0.26228.4
MinimumVisualStudioVersion = 10.0.40219.1
Project("{FAE04EC0-301F-11D3-BF4B-00C04F79EFBC}") = "Assembly-CSharp-firstpass", "Assembly-CSharp-firstpass\Assembly-CSharp-firstpass.csproj", "{8B7EC31C-BB77-4115-ABF5-3D62F1011C07}"
EndProject
Project("{FAE04EC0-301F-11D3-BF4B-00C04F79EFBC}") = "Assembly-CSharp", "Assembly-CSharp\Assembly-CSharp.csproj", "{8B7EC31C-BB77-4115-ABF5-3D62F1011C06}"
EndProject
Global
	GlobalSection(SolutionConfigurationPlatforms) = preSolution
		Debug|Any CPU = Debug|Any CPU
		Release|Any CPU = Release|Any CPU
	EndGlobalSection
	GlobalSection(ProjectConfigurationPlatforms) = postSolution
		{8B7EC31C-BB77-4115-ABF5-3D62F1011C07}.Debug|Any CPU.ActiveCfg = Debug|Any CPU
		{8B7EC31C-BB77-4115-ABF5-3D62F1011C07}.Debug|Any CPU.Build.0 = Debug|Any CPU
		{8B7EC31C-BB77-4115-ABF5-3D62F1011C07}.Release|Any CPU.ActiveCfg = Release|Any CPU
		{8B7EC31C-BB77-4115-ABF5-3D62F1011C07}.Release|Any CPU.Build.0 = Release|Any CPU
		{8B7EC31C-BB77-4115-ABF5-3D62F1011C06}.Debug|Any CPU.ActiveCfg = Debug|Any CPU
		{8B7EC31C-BB77-4115-ABF5-3D62F1011C06}.Debug|Any CPU.Build.0 = Debug|Any CPU
		{8B7EC31C-BB77-4115-ABF5-3D62F1011C06}.Release|Any CPU.ActiveCfg = Release|Any CPU
		{8B7EC31C-BB77-4115-ABF5-3D62F1011C06}.Release|Any CPU.Build.0 = Release|Any CPU
	EndGlobalSection
	GlobalSection(SolutionProperties) = preSolution
		HideSolutionNode = FALSE
	EndGlobalSection
EndGlobal
