
Microsoft Visual Studio Solution File, Format Version 12.00
# Visual Studio 15
VisualStudioVersion = 15.0.26228.4
MinimumVisualStudioVersion = 10.0.40219.1
Project("{FAE04EC0-301F-11D3-BF4B-00C04F79EFBC}") = "Assembly-CSharp-firstpass", "Assembly-CSharp-firstpass\Assembly-CSharp-firstpass.csproj", "{4C00761D-FA27-4B67-9E85-40AF233A00BD}"
EndProject
Project("{FAE04EC0-301F-11D3-BF4B-00C04F79EFBC}") = "Assembly-CSharp", "Assembly-CSharp\Assembly-CSharp.csproj", "{4C00761D-FA27-4B67-9E85-40AF233A00BC}"
EndProject
Global
	GlobalSection(SolutionConfigurationPlatforms) = preSolution
		Debug|Any CPU = Debug|Any CPU
		Release|Any CPU = Release|Any CPU
	EndGlobalSection
	GlobalSection(ProjectConfigurationPlatforms) = postSolution
		{4C00761D-FA27-4B67-9E85-40AF233A00BD}.Debug|Any CPU.ActiveCfg = Debug|Any CPU
		{4C00761D-FA27-4B67-9E85-40AF233A00BD}.Debug|Any CPU.Build.0 = Debug|Any CPU
		{4C00761D-FA27-4B67-9E85-40AF233A00BD}.Release|Any CPU.ActiveCfg = Release|Any CPU
		{4C00761D-FA27-4B67-9E85-40AF233A00BD}.Release|Any CPU.Build.0 = Release|Any CPU
		{4C00761D-FA27-4B67-9E85-40AF233A00BC}.Debug|Any CPU.ActiveCfg = Debug|Any CPU
		{4C00761D-FA27-4B67-9E85-40AF233A00BC}.Debug|Any CPU.Build.0 = Debug|Any CPU
		{4C00761D-FA27-4B67-9E85-40AF233A00BC}.Release|Any CPU.ActiveCfg = Release|Any CPU
		{4C00761D-FA27-4B67-9E85-40AF233A00BC}.Release|Any CPU.Build.0 = Release|Any CPU
	EndGlobalSection
	GlobalSection(SolutionProperties) = preSolution
		HideSolutionNode = FALSE
	EndGlobalSection
EndGlobal
