
Microsoft Visual Studio Solution File, Format Version 12.00
# Visual Studio 15
VisualStudioVersion = 15.0.27004.2005
MinimumVisualStudioVersion = 10.0.40219.1
Project("{FAE04EC0-301F-11D3-BF4B-00C04F79EFBC}") = "Assembly-CSharp", "Assembly-CSharp\Assembly-CSharp.csproj", "{52E21EE9-17CD-4512-9517-70B054F59044}"
EndProject
Global
	GlobalSection(SolutionConfigurationPlatforms) = preSolution
		Debug|Any CPU = Debug|Any CPU
		Release|Any CPU = Release|Any CPU
	EndGlobalSection
	GlobalSection(ProjectConfigurationPlatforms) = postSolution
		{52E21EE9-17CD-4512-9517-70B054F59044}.Debug|Any CPU.ActiveCfg = Debug|Any CPU
		{52E21EE9-17CD-4512-9517-70B054F59044}.Debug|Any CPU.Build.0 = Debug|Any CPU
		{52E21EE9-17CD-4512-9517-70B054F59044}.Release|Any CPU.ActiveCfg = Release|Any CPU
		{52E21EE9-17CD-4512-9517-70B054F59044}.Release|Any CPU.Build.0 = Release|Any CPU
	EndGlobalSection
	GlobalSection(SolutionProperties) = preSolution
		HideSolutionNode = FALSE
	EndGlobalSection
	GlobalSection(ExtensibilityGlobals) = postSolution
		SolutionGuid = {C175C17F-E2FA-48FD-8EC2-14F65E9962B6}
	EndGlobalSection
EndGlobal
