
Microsoft Visual Studio Solution File, Format Version 12.00
# Visual Studio 15
VisualStudioVersion = 15.0.26228.4
MinimumVisualStudioVersion = 10.0.40219.1
Project("{FAE04EC0-301F-11D3-BF4B-00C04F79EFBC}") = "Assembly-CSharp-firstpass", "Assembly-CSharp-firstpass\Assembly-CSharp-firstpass.csproj", "{D41C8CA7-49BA-41D0-B805-4D7AA83A4B8F}"
EndProject
Project("{FAE04EC0-301F-11D3-BF4B-00C04F79EFBC}") = "Assembly-CSharp", "Assembly-CSharp\Assembly-CSharp.csproj", "{D41C8CA7-49BA-41D0-B805-4D7AA83A4B8E}"
EndProject
Global
	GlobalSection(SolutionConfigurationPlatforms) = preSolution
		Debug|Any CPU = Debug|Any CPU
		Release|Any CPU = Release|Any CPU
	EndGlobalSection
	GlobalSection(ProjectConfigurationPlatforms) = postSolution
		{D41C8CA7-49BA-41D0-B805-4D7AA83A4B8F}.Debug|Any CPU.ActiveCfg = Debug|Any CPU
		{D41C8CA7-49BA-41D0-B805-4D7AA83A4B8F}.Debug|Any CPU.Build.0 = Debug|Any CPU
		{D41C8CA7-49BA-41D0-B805-4D7AA83A4B8F}.Release|Any CPU.ActiveCfg = Release|Any CPU
		{D41C8CA7-49BA-41D0-B805-4D7AA83A4B8F}.Release|Any CPU.Build.0 = Release|Any CPU
		{D41C8CA7-49BA-41D0-B805-4D7AA83A4B8E}.Debug|Any CPU.ActiveCfg = Debug|Any CPU
		{D41C8CA7-49BA-41D0-B805-4D7AA83A4B8E}.Debug|Any CPU.Build.0 = Debug|Any CPU
		{D41C8CA7-49BA-41D0-B805-4D7AA83A4B8E}.Release|Any CPU.ActiveCfg = Release|Any CPU
		{D41C8CA7-49BA-41D0-B805-4D7AA83A4B8E}.Release|Any CPU.Build.0 = Release|Any CPU
	EndGlobalSection
	GlobalSection(SolutionProperties) = preSolution
		HideSolutionNode = FALSE
	EndGlobalSection
EndGlobal
